
Microsoft Visual Studio Solution File, Format Version 12.00
# Visual Studio Version 16
VisualStudioVersion = 16.0.28803.452
MinimumVisualStudioVersion = 10.0.40219.1
Project("{FAE04EC0-301F-11D3-BF4B-00C04F79EFBC}") = "OtelOtomasyonu", "OtelOtomasyonu\OtelOtomasyonu.csproj", "{9CC9231C-CFC4-4734-BC9F-9949E2BDD39A}"
EndProject
Global
	GlobalSection(SolutionConfigurationPlatforms) = preSolution
		Debug|Any CPU = Debug|Any CPU
		Release|Any CPU = Release|Any CPU
	EndGlobalSection
	GlobalSection(ProjectConfigurationPlatforms) = postSolution
		{9CC9231C-CFC4-4734-BC9F-9949E2BDD39A}.Debug|Any CPU.ActiveCfg = Debug|Any CPU
		{9CC9231C-CFC4-4734-BC9F-9949E2BDD39A}.Debug|Any CPU.Build.0 = Debug|Any CPU
		{9CC9231C-CFC4-4734-BC9F-9949E2BDD39A}.Release|Any CPU.ActiveCfg = Release|Any CPU
		{9CC9231C-CFC4-4734-BC9F-9949E2BDD39A}.Release|Any CPU.Build.0 = Release|Any CPU
	EndGlobalSection
	GlobalSection(SolutionProperties) = preSolution
		HideSolutionNode = FALSE
	EndGlobalSection
	GlobalSection(ExtensibilityGlobals) = postSolution
		SolutionGuid = {FD2B5BCC-6FAF-4196-A944-99856316D739}
	EndGlobalSection
EndGlobal
